// !$*UTF8*$!
{
	archiveVersion = 1;
	classes = {
	};
	objectVersion = 77;
	objects = {

/* Begin PBXBuildFile section */
		1D0000000000000000000301 /* IdleVizCore in Frameworks */ = {isa = PBXBuildFile; productRef = 1D0000000000000000000401 /* IdleVizCore */; };
		1D0000000000000000000302 /* KeyboardShortcuts in Frameworks */ = {isa = PBXBuildFile; productRef = 1D0000000000000000000402 /* KeyboardShortcuts */; };
/* End PBXBuildFile section */

/* Begin PBXFileReference section */
		1D0000000000000000000101 /* IdleViz.app */ = {isa = PBXFileReference; explicitFileType = wrapper.application; includeInIndex = 0; path = IdleViz.app; sourceTree = BUILT_PRODUCTS_DIR; };
		1D0000000000000000000102 /* IdleViz.xcconfig */ = {isa = PBXFileReference; lastKnownFileType = text.xcconfig; path = IdleViz.xcconfig; sourceTree = "<group>"; };
/* End PBXFileReference section */

/* Begin PBXFileSystemSynchronizedBuildFileExceptionSet section */
		1D0000000000000000000601 /* Exceptions for "IdleViz" folder in "IdleViz" target */ = {
			isa = PBXFileSystemSynchronizedBuildFileExceptionSet;
			membershipExceptions = (
				App/IdleViz.entitlements,
				App/Info.plist,
			);
			target = 1D0000000000000000000701 /* IdleViz */;
		};
/* End PBXFileSystemSynchronizedBuildFileExceptionSet section */

/* Begin PBXFileSystemSynchronizedRootGroup section */
		1D0000000000000000000201 /* IdleViz */ = {
			isa = PBXFileSystemSynchronizedRootGroup;
			exceptions = (
				1D0000000000000000000601 /* Exceptions for "IdleViz" folder in "IdleViz" target */,
			);
			explicitFolders = (
				web,
			);
			path = IdleViz;
			sourceTree = "<group>";
		};
/* End PBXFileSystemSynchronizedRootGroup section */

/* Begin PBXFrameworksBuildPhase section */
		1D0000000000000000000801 /* Frameworks */ = {
			isa = PBXFrameworksBuildPhase;
			buildActionMask = 2147483647;
			files = (
				1D0000000000000000000301 /* IdleVizCore in Frameworks */,
				1D0000000000000000000302 /* KeyboardShortcuts in Frameworks */,
			);
			runOnlyForDeploymentPostprocessing = 0;
		};
/* End PBXFrameworksBuildPhase section */

/* Begin PBXGroup section */
		1D0000000000000000000001 = {
			isa = PBXGroup;
			children = (
				1D0000000000000000000201 /* IdleViz */,
				1D0000000000000000000002 /* Config */,
				1D0000000000000000000003 /* Products */,
			);
			sourceTree = "<group>";
		};
		1D0000000000000000000002 /* Config */ = {
			isa = PBXGroup;
			children = (
				1D0000000000000000000102 /* IdleViz.xcconfig */,
			);
			path = Config;
			sourceTree = "<group>";
		};
		1D0000000000000000000003 /* Products */ = {
			isa = PBXGroup;
			children = (
				1D0000000000000000000101 /* IdleViz.app */,
			);
			name = Products;
			sourceTree = "<group>";
		};
/* End PBXGroup section */

/* Begin PBXNativeTarget section */
		1D0000000000000000000701 /* IdleViz */ = {
			isa = PBXNativeTarget;
			buildConfigurationList = 1D0000000000000000000B02 /* Build configuration list for PBXNativeTarget "IdleViz" */;
			buildPhases = (
				1D0000000000000000000901 /* Sources */,
				1D0000000000000000000801 /* Frameworks */,
				1D0000000000000000000A01 /* Resources */,
			);
			buildRules = (
			);
			dependencies = (
			);
			fileSystemSynchronizedGroups = (
				1D0000000000000000000201 /* IdleViz */,
			);
			name = IdleViz;
			packageProductDependencies = (
				1D0000000000000000000401 /* IdleVizCore */,
				1D0000000000000000000402 /* KeyboardShortcuts */,
			);
			productName = IdleViz;
			productReference = 1D0000000000000000000101 /* IdleViz.app */;
			productType = "com.apple.product-type.application";
		};
/* End PBXNativeTarget section */

/* Begin PBXProject section */
		1D0000000000000000000C01 /* Project object */ = {
			isa = PBXProject;
			attributes = {
				BuildIndependentTargetsInParallel = 1;
				LastSwiftUpdateCheck = 2600;
				LastUpgradeCheck = 2600;
				TargetAttributes = {
					1D0000000000000000000701 = {
						CreatedOnToolsVersion = 26.0;
					};
				};
			};
			buildConfigurationList = 1D0000000000000000000B01 /* Build configuration list for PBXProject "IdleViz" */;
			developmentRegion = en;
			hasScannedForEncodings = 0;
			knownRegions = (
				en,
				Base,
			);
			mainGroup = 1D0000000000000000000001;
			minimizedProjectReferenceProxies = 1;
			packageReferences = (
				1D0000000000000000000501 /* XCLocalSwiftPackageReference "." */,
				1D0000000000000000000502 /* XCRemoteSwiftPackageReference "KeyboardShortcuts" */,
			);
			preferredProjectObjectVersion = 77;
			productRefGroup = 1D0000000000000000000003 /* Products */;
			projectDirPath = "";
			projectRoot = "";
			targets = (
				1D0000000000000000000701 /* IdleViz */,
			);
		};
/* End PBXProject section */

/* Begin PBXResourcesBuildPhase section */
		1D0000000000000000000A01 /* Resources */ = {
			isa = PBXResourcesBuildPhase;
			buildActionMask = 2147483647;
			files = (
			);
			runOnlyForDeploymentPostprocessing = 0;
		};
/* End PBXResourcesBuildPhase section */

/* Begin PBXSourcesBuildPhase section */
		1D0000000000000000000901 /* Sources */ = {
			isa = PBXSourcesBuildPhase;
			buildActionMask = 2147483647;
			files = (
			);
			runOnlyForDeploymentPostprocessing = 0;
		};
/* End PBXSourcesBuildPhase section */

/* Begin XCBuildConfiguration section */
		1D0000000000000000000D01 /* Debug */ = {
			isa = XCBuildConfiguration;
			buildSettings = {
				ALWAYS_SEARCH_USER_PATHS = NO;
				CLANG_ENABLE_MODULES = YES;
				CLANG_ENABLE_OBJC_ARC = YES;
				COPY_PHASE_STRIP = NO;
				DEBUG_INFORMATION_FORMAT = dwarf;
				ENABLE_STRICT_OBJC_MSGSEND = YES;
				ENABLE_TESTABILITY = YES;
				ENABLE_USER_SCRIPT_SANDBOXING = YES;
				GCC_OPTIMIZATION_LEVEL = 0;
				MACOSX_DEPLOYMENT_TARGET = 26.0;
				ONLY_ACTIVE_ARCH = YES;
				SDKROOT = macosx;
				SWIFT_ACTIVE_COMPILATION_CONDITIONS = "DEBUG $(inherited)";
				SWIFT_OPTIMIZATION_LEVEL = "-Onone";
			};
			name = Debug;
		};
		1D0000000000000000000D02 /* Release */ = {
			isa = XCBuildConfiguration;
			buildSettings = {
				ALWAYS_SEARCH_USER_PATHS = NO;
				CLANG_ENABLE_MODULES = YES;
				CLANG_ENABLE_OBJC_ARC = YES;
				COPY_PHASE_STRIP = NO;
				DEBUG_INFORMATION_FORMAT = "dwarf-with-dsym";
				ENABLE_NS_ASSERTIONS = NO;
				ENABLE_STRICT_OBJC_MSGSEND = YES;
				ENABLE_USER_SCRIPT_SANDBOXING = YES;
				MACOSX_DEPLOYMENT_TARGET = 26.0;
				SDKROOT = macosx;
				SWIFT_COMPILATION_MODE = wholemodule;
			};
			name = Release;
		};
		1D0000000000000000000E01 /* Debug */ = {
			isa = XCBuildConfiguration;
			baseConfigurationReference = 1D0000000000000000000102 /* IdleViz.xcconfig */;
			buildSettings = {
				CODE_SIGN_ENTITLEMENTS = IdleViz/App/IdleViz.entitlements;
				CODE_SIGN_IDENTITY = "Apple Development";
				CODE_SIGN_STYLE = Automatic;
				COMBINE_HIDPI_IMAGES = YES;
				CURRENT_PROJECT_VERSION = 1;
				ENABLE_APP_SANDBOX = NO;
				ENABLE_HARDENED_RUNTIME = YES;
				GENERATE_INFOPLIST_FILE = NO;
				INFOPLIST_FILE = IdleViz/App/Info.plist;
				LD_RUNPATH_SEARCH_PATHS = (
					"$(inherited)",
					"@executable_path/../Frameworks",
				);
				MARKETING_VERSION = 0.1.1;
				PRODUCT_BUNDLE_IDENTIFIER = com.xauno.IdleViz;
				PRODUCT_NAME = "$(TARGET_NAME)";
				SWIFT_VERSION = 6.0;
			};
			name = Debug;
		};
		1D0000000000000000000E02 /* Release */ = {
			isa = XCBuildConfiguration;
			baseConfigurationReference = 1D0000000000000000000102 /* IdleViz.xcconfig */;
			buildSettings = {
				CODE_SIGN_ENTITLEMENTS = IdleViz/App/IdleViz.entitlements;
				CODE_SIGN_IDENTITY = "Apple Development";
				CODE_SIGN_STYLE = Automatic;
				COMBINE_HIDPI_IMAGES = YES;
				CURRENT_PROJECT_VERSION = 1;
				ENABLE_APP_SANDBOX = NO;
				ENABLE_HARDENED_RUNTIME = YES;
				GENERATE_INFOPLIST_FILE = NO;
				INFOPLIST_FILE = IdleViz/App/Info.plist;
				LD_RUNPATH_SEARCH_PATHS = (
					"$(inherited)",
					"@executable_path/../Frameworks",
				);
				MARKETING_VERSION = 0.1.1;
				PRODUCT_BUNDLE_IDENTIFIER = com.xauno.IdleViz;
				PRODUCT_NAME = "$(TARGET_NAME)";
				SWIFT_VERSION = 6.0;
			};
			name = Release;
		};
/* End XCBuildConfiguration section */

/* Begin XCConfigurationList section */
		1D0000000000000000000B01 /* Build configuration list for PBXProject "IdleViz" */ = {
			isa = XCConfigurationList;
			buildConfigurations = (
				1D0000000000000000000D01 /* Debug */,
				1D0000000000000000000D02 /* Release */,
			);
			defaultConfigurationIsVisible = 0;
			defaultConfigurationName = Release;
		};
		1D0000000000000000000B02 /* Build configuration list for PBXNativeTarget "IdleViz" */ = {
			isa = XCConfigurationList;
			buildConfigurations = (
				1D0000000000000000000E01 /* Debug */,
				1D0000000000000000000E02 /* Release */,
			);
			defaultConfigurationIsVisible = 0;
			defaultConfigurationName = Release;
		};
/* End XCConfigurationList section */

/* Begin XCLocalSwiftPackageReference section */
		1D0000000000000000000501 /* XCLocalSwiftPackageReference "." */ = {
			isa = XCLocalSwiftPackageReference;
			relativePath = .;
		};
/* End XCLocalSwiftPackageReference section */

/* Begin XCRemoteSwiftPackageReference section */
		1D0000000000000000000502 /* XCRemoteSwiftPackageReference "KeyboardShortcuts" */ = {
			isa = XCRemoteSwiftPackageReference;
			repositoryURL = "https://github.com/sindresorhus/KeyboardShortcuts";
			requirement = {
				kind = upToNextMajorVersion;
				minimumVersion = 3.1.0;
			};
		};
/* End XCRemoteSwiftPackageReference section */

/* Begin XCSwiftPackageProductDependency section */
		1D0000000000000000000401 /* IdleVizCore */ = {
			isa = XCSwiftPackageProductDependency;
			productName = IdleVizCore;
		};
		1D0000000000000000000402 /* KeyboardShortcuts */ = {
			isa = XCSwiftPackageProductDependency;
			package = 1D0000000000000000000502 /* XCRemoteSwiftPackageReference "KeyboardShortcuts" */;
			productName = KeyboardShortcuts;
		};
/* End XCSwiftPackageProductDependency section */
	};
	rootObject = 1D0000000000000000000C01 /* Project object */;
}
